
Microsoft Visual Studio Solution File, Format Version 12.00
# Visual Studio Version 17
VisualStudioVersion = 17.5.33502.453
MinimumVisualStudioVersion = 10.0.40219.1
Project("{9A19103F-16F7-4668-BE54-9A1E7A4F7556}") = "BlazorEcommerce.Server", "BlazorEcommerce\Server\BlazorEcommerce.Server.csproj", "{22998CFC-4E90-466C-B3C1-20EA99FD6DA3}"
EndProject
Project("{9A19103F-16F7-4668-BE54-9A1E7A4F7556}") = "BlazorEcommerce.Client", "BlazorEcommerce\Client\BlazorEcommerce.Client.csproj", "{C9579B67-C75F-4002-B1F6-DD6818C17239}"
EndProject
Project("{9A19103F-16F7-4668-BE54-9A1E7A4F7556}") = "BlazorEcommerce.Shared", "BlazorEcommerce\Shared\BlazorEcommerce.Shared.csproj", "{220B29BC-67E1-41B3-BBCE-607B6ACDCF6B}"
EndProject
Global
	GlobalSection(SolutionConfigurationPlatforms) = preSolution
		Debug|Any CPU = Debug|Any CPU
		Release|Any CPU = Release|Any CPU
	EndGlobalSection
	GlobalSection(ProjectConfigurationPlatforms) = postSolution
		{22998CFC-4E90-466C-B3C1-20EA99FD6DA3}.Debug|Any CPU.ActiveCfg = Debug|Any CPU
		{22998CFC-4E90-466C-B3C1-20EA99FD6DA3}.Debug|Any CPU.Build.0 = Debug|Any CPU
		{22998CFC-4E90-466C-B3C1-20EA99FD6DA3}.Release|Any CPU.ActiveCfg = Release|Any CPU
		{22998CFC-4E90-466C-B3C1-20EA99FD6DA3}.Release|Any CPU.Build.0 = Release|Any CPU
		{C9579B67-C75F-4002-B1F6-DD6818C17239}.Debug|Any CPU.ActiveCfg = Debug|Any CPU
		{C9579B67-C75F-4002-B1F6-DD6818C17239}.Debug|Any CPU.Build.0 = Debug|Any CPU
		{C9579B67-C75F-4002-B1F6-DD6818C17239}.Release|Any CPU.ActiveCfg = Release|Any CPU
		{C9579B67-C75F-4002-B1F6-DD6818C17239}.Release|Any CPU.Build.0 = Release|Any CPU
		{220B29BC-67E1-41B3-BBCE-607B6ACDCF6B}.Debug|Any CPU.ActiveCfg = Debug|Any CPU
		{220B29BC-67E1-41B3-BBCE-607B6ACDCF6B}.Debug|Any CPU.Build.0 = Debug|Any CPU
		{220B29BC-67E1-41B3-BBCE-607B6ACDCF6B}.Release|Any CPU.ActiveCfg = Release|Any CPU
		{220B29BC-67E1-41B3-BBCE-607B6ACDCF6B}.Release|Any CPU.Build.0 = Release|Any CPU
	EndGlobalSection
	GlobalSection(SolutionProperties) = preSolution
		HideSolutionNode = FALSE
	EndGlobalSection
	GlobalSection(ExtensibilityGlobals) = postSolution
		SolutionGuid = {738468C1-2936-4F55-882A-85A0CAF95CF2}
	EndGlobalSection
EndGlobal
